// !$*UTF8*$!
{
	archiveVersion = 1;
	classes = {
	};
	objectVersion = 46;
	objects = {

/* Begin PBXBuildFile section */
		50A2B8AC1C6CA6C500053F2C /* main.m in Sources */ = {isa = PBXBuildFile; fileRef = 50A2B8AB1C6CA6C500053F2C /* main.m */; };
		50A2B8AF1C6CA6C500053F2C /* AppDelegate.m in Sources */ = {isa = PBXBuildFile; fileRef = 50A2B8AE1C6CA6C500053F2C /* AppDelegate.m */; };
		50A2B8B51C6CA6C500053F2C /* Main.storyboard in Resources */ = {isa = PBXBuildFile; fileRef = 50A2B8B31C6CA6C500053F2C /* Main.storyboard */; };
		50A2B8BA1C6CA6C500053F2C /* Assets.xcassets in Resources */ = {isa = PBXBuildFile; fileRef = 50A2B8B91C6CA6C500053F2C /* Assets.xcassets */; };
		50A2B8BD1C6CA6C500053F2C /* LaunchScreen.storyboard in Resources */ = {isa = PBXBuildFile; fileRef = 50A2B8BB1C6CA6C500053F2C /* LaunchScreen.storyboard */; };
		50A2B8CE1C6CAA7E00053F2C /* TableViewController.m in Sources */ = {isa = PBXBuildFile; fileRef = 50A2B8CD1C6CAA7E00053F2C /* TableViewController.m */; };
		50A2B8D21C6CADD300053F2C /* PersistenceController.m in Sources */ = {isa = PBXBuildFile; fileRef = 50A2B8D11C6CADD300053F2C /* PersistenceController.m */; };
		50A2B8D61C6DF86500053F2C /* NetworkManager.m in Sources */ = {isa = PBXBuildFile; fileRef = 50A2B8D51C6DF86500053F2C /* NetworkManager.m */; };
		50A2B8D91C6DF89E00053F2C /* NotesManager.m in Sources */ = {isa = PBXBuildFile; fileRef = 50A2B8D81C6DF89E00053F2C /* NotesManager.m */; };
		50FD5FD71C6E013E0099DEFA /* SimpleCoreDataApp.xcdatamodeld in Sources */ = {isa = PBXBuildFile; fileRef = 50FD5FD51C6E013E0099DEFA /* SimpleCoreDataApp.xcdatamodeld */; };
		50FD5FDC1C6E017A0099DEFA /* Note+CoreDataProperties.m in Sources */ = {isa = PBXBuildFile; fileRef = 50FD5FD91C6E017A0099DEFA /* Note+CoreDataProperties.m */; };
		50FD5FDD1C6E017A0099DEFA /* Note.m in Sources */ = {isa = PBXBuildFile; fileRef = 50FD5FDB1C6E017A0099DEFA /* Note.m */; };
/* End PBXBuildFile section */

/* Begin PBXFileReference section */
		50A2B8A71C6CA6C500053F2C /* SimpleCoreDataApp.app */ = {isa = PBXFileReference; explicitFileType = wrapper.application; includeInIndex = 0; path = SimpleCoreDataApp.app; sourceTree = BUILT_PRODUCTS_DIR; };
		50A2B8AB1C6CA6C500053F2C /* main.m */ = {isa = PBXFileReference; lastKnownFileType = sourcecode.c.objc; path = main.m; sourceTree = "<group>"; };
		50A2B8AD1C6CA6C500053F2C /* AppDelegate.h */ = {isa = PBXFileReference; lastKnownFileType = sourcecode.c.h; path = AppDelegate.h; sourceTree = "<group>"; };
		50A2B8AE1C6CA6C500053F2C /* AppDelegate.m */ = {isa = PBXFileReference; lastKnownFileType = sourcecode.c.objc; path = AppDelegate.m; sourceTree = "<group>"; };
		50A2B8B41C6CA6C500053F2C /* Base */ = {isa = PBXFileReference; lastKnownFileType = file.storyboard; name = Base; path = Base.lproj/Main.storyboard; sourceTree = "<group>"; };
		50A2B8B91C6CA6C500053F2C /* Assets.xcassets */ = {isa = PBXFileReference; lastKnownFileType = folder.assetcatalog; path = Assets.xcassets; sourceTree = "<group>"; };
		50A2B8BC1C6CA6C500053F2C /* Base */ = {isa = PBXFileReference; lastKnownFileType = file.storyboard; name = Base; path = Base.lproj/LaunchScreen.storyboard; sourceTree = "<group>"; };
		50A2B8BE1C6CA6C500053F2C /* Info.plist */ = {isa = PBXFileReference; lastKnownFileType = text.plist.xml; path = Info.plist; sourceTree = "<group>"; };
		50A2B8CC1C6CAA7E00053F2C /* TableViewController.h */ = {isa = PBXFileReference; fileEncoding = 4; lastKnownFileType = sourcecode.c.h; path = TableViewController.h; sourceTree = "<group>"; };
		50A2B8CD1C6CAA7E00053F2C /* TableViewController.m */ = {isa = PBXFileReference; fileEncoding = 4; lastKnownFileType = sourcecode.c.objc; path = TableViewController.m; sourceTree = "<group>"; };
		50A2B8D01C6CADD300053F2C /* PersistenceController.h */ = {isa = PBXFileReference; fileEncoding = 4; lastKnownFileType = sourcecode.c.h; name = PersistenceController.h; path = CoreData/PersistenceController.h; sourceTree = "<group>"; };
		50A2B8D11C6CADD300053F2C /* PersistenceController.m */ = {isa = PBXFileReference; fileEncoding = 4; lastKnownFileType = sourcecode.c.objc; name = PersistenceController.m; path = CoreData/PersistenceController.m; sourceTree = "<group>"; };
		50A2B8D41C6DF86500053F2C /* NetworkManager.h */ = {isa = PBXFileReference; fileEncoding = 4; lastKnownFileType = sourcecode.c.h; name = NetworkManager.h; path = Network/NetworkManager.h; sourceTree = "<group>"; };
		50A2B8D51C6DF86500053F2C /* NetworkManager.m */ = {isa = PBXFileReference; fileEncoding = 4; lastKnownFileType = sourcecode.c.objc; name = NetworkManager.m; path = Network/NetworkManager.m; sourceTree = "<group>"; };
		50A2B8D71C6DF89E00053F2C /* NotesManager.h */ = {isa = PBXFileReference; fileEncoding = 4; lastKnownFileType = sourcecode.c.h; path = NotesManager.h; sourceTree = "<group>"; };
		50A2B8D81C6DF89E00053F2C /* NotesManager.m */ = {isa = PBXFileReference; fileEncoding = 4; lastKnownFileType = sourcecode.c.objc; path = NotesManager.m; sourceTree = "<group>"; };
		50FD5FD61C6E013E0099DEFA /* SimpleCoreDataApp.xcdatamodel */ = {isa = PBXFileReference; lastKnownFileType = wrapper.xcdatamodel; path = SimpleCoreDataApp.xcdatamodel; sourceTree = "<group>"; };
		50FD5FD81C6E017A0099DEFA /* Note+CoreDataProperties.h */ = {isa = PBXFileReference; fileEncoding = 4; lastKnownFileType = sourcecode.c.h; name = "Note+CoreDataProperties.h"; path = "CoreData/Note+CoreDataProperties.h"; sourceTree = "<group>"; };
		50FD5FD91C6E017A0099DEFA /* Note+CoreDataProperties.m */ = {isa = PBXFileReference; fileEncoding = 4; lastKnownFileType = sourcecode.c.objc; name = "Note+CoreDataProperties.m"; path = "CoreData/Note+CoreDataProperties.m"; sourceTree = "<group>"; };
		50FD5FDA1C6E017A0099DEFA /* Note.h */ = {isa = PBXFileReference; fileEncoding = 4; lastKnownFileType = sourcecode.c.h; name = Note.h; path = CoreData/Note.h; sourceTree = "<group>"; };
		50FD5FDB1C6E017A0099DEFA /* Note.m */ = {isa = PBXFileReference; fileEncoding = 4; lastKnownFileType = sourcecode.c.objc; name = Note.m; path = CoreData/Note.m; sourceTree = "<group>"; };
/* End PBXFileReference section */

/* Begin PBXFrameworksBuildPhase section */
		50A2B8A41C6CA6C500053F2C /* Frameworks */ = {
			isa = PBXFrameworksBuildPhase;
			buildActionMask = 2147483647;
			files = (
			);
			runOnlyForDeploymentPostprocessing = 0;
		};
/* End PBXFrameworksBuildPhase section */

/* Begin PBXGroup section */
		50A2B89E1C6CA6C500053F2C = {
			isa = PBXGroup;
			children = (
				50A2B8A91C6CA6C500053F2C /* SimpleCoreDataApp */,
				50A2B8AA1C6CA6C500053F2C /* Supporting Files */,
				50A2B8A81C6CA6C500053F2C /* Products */,
			);
			sourceTree = "<group>";
		};
		50A2B8A81C6CA6C500053F2C /* Products */ = {
			isa = PBXGroup;
			children = (
				50A2B8A71C6CA6C500053F2C /* SimpleCoreDataApp.app */,
			);
			name = Products;
			sourceTree = "<group>";
		};
		50A2B8A91C6CA6C500053F2C /* SimpleCoreDataApp */ = {
			isa = PBXGroup;
			children = (
				50A2B8AD1C6CA6C500053F2C /* AppDelegate.h */,
				50A2B8AE1C6CA6C500053F2C /* AppDelegate.m */,
				50A2B8C41C6CA9B800053F2C /* CoreData */,
				50A2B8D31C6DF7D900053F2C /* Network */,
				50A2B8D71C6DF89E00053F2C /* NotesManager.h */,
				50A2B8D81C6DF89E00053F2C /* NotesManager.m */,
				50A2B8CC1C6CAA7E00053F2C /* TableViewController.h */,
				50A2B8CD1C6CAA7E00053F2C /* TableViewController.m */,
				50A2B8B31C6CA6C500053F2C /* Main.storyboard */,
				50A2B8B91C6CA6C500053F2C /* Assets.xcassets */,
				50FD5FD51C6E013E0099DEFA /* SimpleCoreDataApp.xcdatamodeld */,
				50A2B8BB1C6CA6C500053F2C /* LaunchScreen.storyboard */,
				50A2B8BE1C6CA6C500053F2C /* Info.plist */,
			);
			path = SimpleCoreDataApp;
			sourceTree = "<group>";
		};
		50A2B8AA1C6CA6C500053F2C /* Supporting Files */ = {
			isa = PBXGroup;
			children = (
				50A2B8AB1C6CA6C500053F2C /* main.m */,
			);
			name = "Supporting Files";
			path = SimpleCoreDataApp;
			sourceTree = "<group>";
		};
		50A2B8C41C6CA9B800053F2C /* CoreData */ = {
			isa = PBXGroup;
			children = (
				50A2B8CF1C6CADA100053F2C /* ManagedObjects */,
				50A2B8D01C6CADD300053F2C /* PersistenceController.h */,
				50A2B8D11C6CADD300053F2C /* PersistenceController.m */,
			);
			name = CoreData;
			sourceTree = "<group>";
		};
		50A2B8CF1C6CADA100053F2C /* ManagedObjects */ = {
			isa = PBXGroup;
			children = (
				50FD5FD81C6E017A0099DEFA /* Note+CoreDataProperties.h */,
				50FD5FD91C6E017A0099DEFA /* Note+CoreDataProperties.m */,
				50FD5FDA1C6E017A0099DEFA /* Note.h */,
				50FD5FDB1C6E017A0099DEFA /* Note.m */,
			);
			name = ManagedObjects;
			sourceTree = "<group>";
		};
		50A2B8D31C6DF7D900053F2C /* Network */ = {
			isa = PBXGroup;
			children = (
				50A2B8D41C6DF86500053F2C /* NetworkManager.h */,
				50A2B8D51C6DF86500053F2C /* NetworkManager.m */,
			);
			name = Network;
			sourceTree = "<group>";
		};
/* End PBXGroup section */

/* Begin PBXNativeTarget section */
		50A2B8A61C6CA6C500053F2C /* SimpleCoreDataApp */ = {
			isa = PBXNativeTarget;
			buildConfigurationList = 50A2B8C11C6CA6C500053F2C /* Build configuration list for PBXNativeTarget "SimpleCoreDataApp" */;
			buildPhases = (
				50A2B8A31C6CA6C500053F2C /* Sources */,
				50A2B8A41C6CA6C500053F2C /* Frameworks */,
				50A2B8A51C6CA6C500053F2C /* Resources */,
			);
			buildRules = (
			);
			dependencies = (
			);
			name = SimpleCoreDataApp;
			productName = SimpleCoreDataApp;
			productReference = 50A2B8A71C6CA6C500053F2C /* SimpleCoreDataApp.app */;
			productType = "com.apple.product-type.application";
		};
/* End PBXNativeTarget section */

/* Begin PBXProject section */
		50A2B89F1C6CA6C500053F2C /* Project object */ = {
			isa = PBXProject;
			attributes = {
				LastUpgradeCheck = 0720;
				ORGANIZATIONNAME = v.y.ignatov;
				TargetAttributes = {
					50A2B8A61C6CA6C500053F2C = {
						CreatedOnToolsVersion = 7.2.1;
						DevelopmentTeam = H45X843SXH;
					};
				};
			};
			buildConfigurationList = 50A2B8A21C6CA6C500053F2C /* Build configuration list for PBXProject "SimpleCoreDataApp" */;
			compatibilityVersion = "Xcode 3.2";
			developmentRegion = English;
			hasScannedForEncodings = 0;
			knownRegions = (
				en,
				Base,
			);
			mainGroup = 50A2B89E1C6CA6C500053F2C;
			productRefGroup = 50A2B8A81C6CA6C500053F2C /* Products */;
			projectDirPath = "";
			projectRoot = "";
			targets = (
				50A2B8A61C6CA6C500053F2C /* SimpleCoreDataApp */,
			);
		};
/* End PBXProject section */

/* Begin PBXResourcesBuildPhase section */
		50A2B8A51C6CA6C500053F2C /* Resources */ = {
			isa = PBXResourcesBuildPhase;
			buildActionMask = 2147483647;
			files = (
				50A2B8BD1C6CA6C500053F2C /* LaunchScreen.storyboard in Resources */,
				50A2B8BA1C6CA6C500053F2C /* Assets.xcassets in Resources */,
				50A2B8B51C6CA6C500053F2C /* Main.storyboard in Resources */,
			);
			runOnlyForDeploymentPostprocessing = 0;
		};
/* End PBXResourcesBuildPhase section */

/* Begin PBXSourcesBuildPhase section */
		50A2B8A31C6CA6C500053F2C /* Sources */ = {
			isa = PBXSourcesBuildPhase;
			buildActionMask = 2147483647;
			files = (
				50FD5FDD1C6E017A0099DEFA /* Note.m in Sources */,
				50A2B8D61C6DF86500053F2C /* NetworkManager.m in Sources */,
				50FD5FD71C6E013E0099DEFA /* SimpleCoreDataApp.xcdatamodeld in Sources */,
				50A2B8D91C6DF89E00053F2C /* NotesManager.m in Sources */,
				50A2B8D21C6CADD300053F2C /* PersistenceController.m in Sources */,
				50A2B8CE1C6CAA7E00053F2C /* TableViewController.m in Sources */,
				50FD5FDC1C6E017A0099DEFA /* Note+CoreDataProperties.m in Sources */,
				50A2B8AF1C6CA6C500053F2C /* AppDelegate.m in Sources */,
				50A2B8AC1C6CA6C500053F2C /* main.m in Sources */,
			);
			runOnlyForDeploymentPostprocessing = 0;
		};
/* End PBXSourcesBuildPhase section */

/* Begin PBXVariantGroup section */
		50A2B8B31C6CA6C500053F2C /* Main.storyboard */ = {
			isa = PBXVariantGroup;
			children = (
				50A2B8B41C6CA6C500053F2C /* Base */,
			);
			name = Main.storyboard;
			sourceTree = "<group>";
		};
		50A2B8BB1C6CA6C500053F2C /* LaunchScreen.storyboard */ = {
			isa = PBXVariantGroup;
			children = (
				50A2B8BC1C6CA6C500053F2C /* Base */,
			);
			name = LaunchScreen.storyboard;
			sourceTree = "<group>";
		};
/* End PBXVariantGroup section */

/* Begin XCBuildConfiguration section */
		50A2B8BF1C6CA6C500053F2C /* Debug */ = {
			isa = XCBuildConfiguration;
			buildSettings = {
				ALWAYS_SEARCH_USER_PATHS = NO;
				CLANG_CXX_LANGUAGE_STANDARD = "gnu++0x";
				CLANG_CXX_LIBRARY = "libc++";
				CLANG_ENABLE_MODULES = YES;
				CLANG_ENABLE_OBJC_ARC = YES;
				CLANG_WARN_BOOL_CONVERSION = YES;
				CLANG_WARN_CONSTANT_CONVERSION = YES;
				CLANG_WARN_DIRECT_OBJC_ISA_USAGE = YES_ERROR;
				CLANG_WARN_EMPTY_BODY = YES;
				CLANG_WARN_ENUM_CONVERSION = YES;
				CLANG_WARN_INT_CONVERSION = YES;
				CLANG_WARN_OBJC_ROOT_CLASS = YES_ERROR;
				CLANG_WARN_UNREACHABLE_CODE = YES;
				CLANG_WARN__DUPLICATE_METHOD_MATCH = YES;
				"CODE_SIGN_IDENTITY[sdk=iphoneos*]" = "iPhone Developer";
				COPY_PHASE_STRIP = NO;
				DEBUG_INFORMATION_FORMAT = dwarf;
				ENABLE_STRICT_OBJC_MSGSEND = YES;
				ENABLE_TESTABILITY = YES;
				GCC_C_LANGUAGE_STANDARD = gnu99;
				GCC_DYNAMIC_NO_PIC = NO;
				GCC_NO_COMMON_BLOCKS = YES;
				GCC_OPTIMIZATION_LEVEL = 0;
				GCC_PREPROCESSOR_DEFINITIONS = (
					"DEBUG=1",
					"$(inherited)",
				);
				GCC_WARN_64_TO_32_BIT_CONVERSION = YES;
				GCC_WARN_ABOUT_RETURN_TYPE = YES_ERROR;
				GCC_WARN_UNDECLARED_SELECTOR = YES;
				GCC_WARN_UNINITIALIZED_AUTOS = YES_AGGRESSIVE;
				GCC_WARN_UNUSED_FUNCTION = YES;
				GCC_WARN_UNUSED_VARIABLE = YES;
				IPHONEOS_DEPLOYMENT_TARGET = 9.2;
				MTL_ENABLE_DEBUG_INFO = YES;
				ONLY_ACTIVE_ARCH = YES;
				SDKROOT = iphoneos;
				TARGETED_DEVICE_FAMILY = "1,2";
			};
			name = Debug;
		};
		50A2B8C01C6CA6C500053F2C /* Release */ = {
			isa = XCBuildConfiguration;
			buildSettings = {
				ALWAYS_SEARCH_USER_PATHS = NO;
				CLANG_CXX_LANGUAGE_STANDARD = "gnu++0x";
				CLANG_CXX_LIBRARY = "libc++";
				CLANG_ENABLE_MODULES = YES;
				CLANG_ENABLE_OBJC_ARC = YES;
				CLANG_WARN_BOOL_CONVERSION = YES;
				CLANG_WARN_CONSTANT_CONVERSION = YES;
				CLANG_WARN_DIRECT_OBJC_ISA_USAGE = YES_ERROR;
				CLANG_WARN_EMPTY_BODY = YES;
				CLANG_WARN_ENUM_CONVERSION = YES;
				CLANG_WARN_INT_CONVERSION = YES;
				CLANG_WARN_OBJC_ROOT_CLASS = YES_ERROR;
				CLANG_WARN_UNREACHABLE_CODE = YES;
				CLANG_WARN__DUPLICATE_METHOD_MATCH = YES;
				"CODE_SIGN_IDENTITY[sdk=iphoneos*]" = "iPhone Developer";
				COPY_PHASE_STRIP = NO;
				DEBUG_INFORMATION_FORMAT = "dwarf-with-dsym";
				ENABLE_NS_ASSERTIONS = NO;
				ENABLE_STRICT_OBJC_MSGSEND = YES;
				GCC_C_LANGUAGE_STANDARD = gnu99;
				GCC_NO_COMMON_BLOCKS = YES;
				GCC_WARN_64_TO_32_BIT_CONVERSION = YES;
				GCC_WARN_ABOUT_RETURN_TYPE = YES_ERROR;
				GCC_WARN_UNDECLARED_SELECTOR = YES;
				GCC_WARN_UNINITIALIZED_AUTOS = YES_AGGRESSIVE;
				GCC_WARN_UNUSED_FUNCTION = YES;
				GCC_WARN_UNUSED_VARIABLE = YES;
				IPHONEOS_DEPLOYMENT_TARGET = 9.2;
				MTL_ENABLE_DEBUG_INFO = NO;
				SDKROOT = iphoneos;
				TARGETED_DEVICE_FAMILY = "1,2";
				VALIDATE_PRODUCT = YES;
			};
			name = Release;
		};
		50A2B8C21C6CA6C500053F2C /* Debug */ = {
			isa = XCBuildConfiguration;
			buildSettings = {
				ASSETCATALOG_COMPILER_APPICON_NAME = AppIcon;
				INFOPLIST_FILE = SimpleCoreDataApp/Info.plist;
				LD_RUNPATH_SEARCH_PATHS = "$(inherited) @executable_path/Frameworks";
				PRODUCT_BUNDLE_IDENTIFIER = v.y.ignatov.SimpleCoreDataApp;
				PRODUCT_NAME = "$(TARGET_NAME)";
			};
			name = Debug;
		};
		50A2B8C31C6CA6C500053F2C /* Release */ = {
			isa = XCBuildConfiguration;
			buildSettings = {
				ASSETCATALOG_COMPILER_APPICON_NAME = AppIcon;
				INFOPLIST_FILE = SimpleCoreDataApp/Info.plist;
				LD_RUNPATH_SEARCH_PATHS = "$(inherited) @executable_path/Frameworks";
				PRODUCT_BUNDLE_IDENTIFIER = v.y.ignatov.SimpleCoreDataApp;
				PRODUCT_NAME = "$(TARGET_NAME)";
			};
			name = Release;
		};
/* End XCBuildConfiguration section */

/* Begin XCConfigurationList section */
		50A2B8A21C6CA6C500053F2C /* Build configuration list for PBXProject "SimpleCoreDataApp" */ = {
			isa = XCConfigurationList;
			buildConfigurations = (
				50A2B8BF1C6CA6C500053F2C /* Debug */,
				50A2B8C01C6CA6C500053F2C /* Release */,
			);
			defaultConfigurationIsVisible = 0;
			defaultConfigurationName = Release;
		};
		50A2B8C11C6CA6C500053F2C /* Build configuration list for PBXNativeTarget "SimpleCoreDataApp" */ = {
			isa = XCConfigurationList;
			buildConfigurations = (
				50A2B8C21C6CA6C500053F2C /* Debug */,
				50A2B8C31C6CA6C500053F2C /* Release */,
			);
			defaultConfigurationIsVisible = 0;
			defaultConfigurationName = Release;
		};
/* End XCConfigurationList section */

/* Begin XCVersionGroup section */
		50FD5FD51C6E013E0099DEFA /* SimpleCoreDataApp.xcdatamodeld */ = {
			isa = XCVersionGroup;
			children = (
				50FD5FD61C6E013E0099DEFA /* SimpleCoreDataApp.xcdatamodel */,
			);
			currentVersion = 50FD5FD61C6E013E0099DEFA /* SimpleCoreDataApp.xcdatamodel */;
			path = SimpleCoreDataApp.xcdatamodeld;
			sourceTree = "<group>";
			versionGroupType = wrapper.xcdatamodel;
		};
/* End XCVersionGroup section */
	};
	rootObject = 50A2B89F1C6CA6C500053F2C /* Project object */;
}
